<?xml version="1.0" encoding="utf-8"?>
<Project xmlns="http://schemas.microsoft.com/developer/msbuild/2003">
  <ItemGroup>
    <Filter Include="Form Files">
      <UniqueIdentifier>{99349809-55BA-4b9d-BF79-8FDBB0286EB3}</UniqueIdentifier>
      <Extensions>ui</Extensions>
      <ParseFiles>false</ParseFiles>
    </Filter>
    <Filter Include="Form Files">
      <UniqueIdentifier>{99349809-55BA-4b9d-BF79-8FDBB0286EB3}</UniqueIdentifier>
      <Extensions>ui</Extensions>
      <ParseFiles>false</ParseFiles>
    </Filter>
    <Filter Include="Generated Files">
      <UniqueIdentifier>{71ED8ED8-ACB9-4CE9-BBE1-E00B30144E11}</UniqueIdentifier>
      <Extensions>cpp;c;cxx;moc;h;def;odl;idl;res;</Extensions>
    </Filter>
    <Filter Include="Generated Files">
      <UniqueIdentifier>{71ED8ED8-ACB9-4CE9-BBE1-E00B30144E11}</UniqueIdentifier>
      <Extensions>cpp;c;cxx;moc;h;def;odl;idl;res;</Extensions>
    </Filter>
    <Filter Include="Header Files">
      <UniqueIdentifier>{93995380-89BD-4b04-88EB-625FBE52EBFB}</UniqueIdentifier>
      <Extensions>h;hpp;hxx;hm;inl;inc;xsd</Extensions>
    </Filter>
    <Filter Include="Header Files">
      <UniqueIdentifier>{93995380-89BD-4b04-88EB-625FBE52EBFB}</UniqueIdentifier>
      <Extensions>h;hpp;hxx;hm;inl;inc;xsd</Extensions>
    </Filter>
    <Filter Include="Resource Files">
      <UniqueIdentifier>{D9D6E242-F8AF-46E4-B9FD-80ECBC20BA3E}</UniqueIdentifier>
      <Extensions>qrc;*</Extensions>
      <ParseFiles>false</ParseFiles>
    </Filter>
    <Filter Include="Resource Files">
      <UniqueIdentifier>{D9D6E242-F8AF-46E4-B9FD-80ECBC20BA3E}</UniqueIdentifier>
      <Extensions>qrc;*</Extensions>
      <ParseFiles>false</ParseFiles>
    </Filter>
    <Filter Include="Source Files">
      <UniqueIdentifier>{4FC737F1-C7A5-4376-A066-2A32D752A2FF}</UniqueIdentifier>
      <Extensions>cpp;c;cxx;def;odl;idl;hpj;bat;asm;asmx</Extensions>
    </Filter>
    <Filter Include="Source Files">
      <UniqueIdentifier>{4FC737F1-C7A5-4376-A066-2A32D752A2FF}</UniqueIdentifier>
      <Extensions>cpp;c;cxx;def;odl;idl;hpj;bat;asm;asmx</Extensions>
    </Filter>
  </ItemGroup>
  <ItemGroup>
    <ClCompile Include="FileEditCtrl.cpp">
      <Filter>Source Files</Filter>
    </ClCompile>
    <ClCompile Include="FileTreeView.cpp">
      <Filter>Source Files</Filter>
    </ClCompile>
    <ClCompile Include="LangModule.cpp">
      <Filter>Source Files</Filter>
    </ClCompile>
    <ClCompile Include="WorkSpace.cpp">
      <Filter>Source Files</Filter>
    </ClCompile>
    <ClCompile Include="main.cpp">
      <Filter>Source Files</Filter>
    </ClCompile>
    <ClCompile Include="mainwindow.cpp">
      <Filter>Source Files</Filter>
    </ClCompile>
  </ItemGroup>
  <ItemGroup>
    <QtMoc Include="FileEditCtrl.h">
      <Filter>Header Files</Filter>
    </QtMoc>
    <QtMoc Include="FileTreeView.h">
      <Filter>Header Files</Filter>
    </QtMoc>
    <ClInclude Include="LangModule.h">
      <Filter>Header Files</Filter>
    </ClInclude>
    <ClInclude Include="WorkSpace.h">
      <Filter>Header Files</Filter>
    </ClInclude>
    <QtMoc Include="mainwindow.h">
      <Filter>Header Files</Filter>
    </QtMoc>
  </ItemGroup>
  <ItemGroup>
    <CustomBuild Include="debug\moc_predefs.h.cbt">
      <Filter>Generated Files</Filter>
    </CustomBuild>
    <CustomBuild Include="release\moc_predefs.h.cbt">
      <Filter>Generated Files</Filter>
    </CustomBuild>
  </ItemGroup>
  <ItemGroup>
    <QtUic Include="mainwindow.ui">
      <Filter>Form Files</Filter>
    </QtUic>
  </ItemGroup>
  <ItemGroup>
    <None Include="res\TextEdit.ico">
      <Filter>Resource Files</Filter>
    </None>
    <None Include="res\FileIco\c.ico">
      <Filter>Resource Files</Filter>
    </None>
    <None Include="res\FileIco\code_70x70.png">
      <Filter>Resource Files</Filter>
    </None>
    <None Include="res\FileIco\config.ico">
      <Filter>Resource Files</Filter>
    </None>
    <None Include="res\FileIco\cpp.ico">
      <Filter>Resource Files</Filter>
    </None>
    <None Include="res\FileIco\csharp.ico">
      <Filter>Resource Files</Filter>
    </None>
    <None Include="res\FileIco\css.ico">
      <Filter>Resource Files</Filter>
    </None>
    <None Include="res\FileIco\default.ico">
      <Filter>Resource Files</Filter>
    </None>
    <None Include="res\folder_32px.png">
      <Filter>Resource Files</Filter>
    </None>
    <None Include="res\FileIco\go.ico">
      <Filter>Resource Files</Filter>
    </None>
    <None Include="res\FileIco\html.ico">
      <Filter>Resource Files</Filter>
    </None>
    <None Include="res\FileIco\java.ico">
      <Filter>Resource Files</Filter>
    </None>
    <None Include="res\FileIco\json.ico">
      <Filter>Resource Files</Filter>
    </None>
    <None Include="res\FileIco\less.ico">
      <Filter>Resource Files</Filter>
    </None>
    <None Include="res\FileIco\markdown.ico">
      <Filter>Resource Files</Filter>
    </None>
    <None Include="res\FileIco\php.ico">
      <Filter>Resource Files</Filter>
    </None>
    <None Include="res\FileIco\powershell.ico">
      <Filter>Resource Files</Filter>
    </None>
    <None Include="res\FileIco\python.ico">
      <Filter>Resource Files</Filter>
    </None>
    <None Include="res\FileIco\react.ico">
      <Filter>Resource Files</Filter>
    </None>
    <QtRcc Include="resources.qrc">
      <Filter>Resource Files</Filter>
    </QtRcc>
    <None Include="res\FileIco\ruby.ico">
      <Filter>Resource Files</Filter>
    </None>
    <None Include="res\FileIco\sass.ico">
      <Filter>Resource Files</Filter>
    </None>
    <None Include="res\FileIco\sql.ico">
      <Filter>Resource Files</Filter>
    </None>
    <None Include="res\FileIco\typescript.ico">
      <Filter>Resource Files</Filter>
    </None>
    <None Include="res\FileIco\vue.ico">
      <Filter>Resource Files</Filter>
    </None>
    <None Include="res\FileIco\xml.ico">
      <Filter>Resource Files</Filter>
    </None>
    <None Include="res\FileIco\yaml.ico">
      <Filter>Resource Files</Filter>
    </None>
  </ItemGroup>
  <ItemGroup>
    <ResourceCompile Include=".\GGEditer_resource.rc" />
  </ItemGroup>
</Project>